
Microsoft Visual Studio Solution File, Format Version 12.00
# Visual Studio 2012
Project("{FAE04EC0-301F-11D3-BF4B-00C04F79EFBC}") = "WiFi Scanbot", "WiFi Scanbot\WiFi Scanbot.csproj", "{8F7EC2F8-79D0-4724-BA13-AAC5C39834C9}"
EndProject
Global
	GlobalSection(SolutionConfigurationPlatforms) = preSolution
		Debug|x86 = Debug|x86
		Release|x86 = Release|x86
	EndGlobalSection
	GlobalSection(ProjectConfigurationPlatforms) = postSolution
		{8F7EC2F8-79D0-4724-BA13-AAC5C39834C9}.Debug|x86.ActiveCfg = Debug|x86
		{8F7EC2F8-79D0-4724-BA13-AAC5C39834C9}.Debug|x86.Build.0 = Debug|x86
		{8F7EC2F8-79D0-4724-BA13-AAC5C39834C9}.Release|x86.ActiveCfg = Release|x86
		{8F7EC2F8-79D0-4724-BA13-AAC5C39834C9}.Release|x86.Build.0 = Release|x86
	EndGlobalSection
	GlobalSection(SolutionProperties) = preSolution
		HideSolutionNode = FALSE
	EndGlobalSection
EndGlobal
